// !$*UTF8*$!
{
	archiveVersion = 1;
	classes = {
	};
	objectVersion = 46;
	objects = {

/* Begin PBXBuildFile section */
		60862A4C1DA425CA008B2CA5 /* AppDelegate.swift in Sources */ = {isa = PBXBuildFile; fileRef = 60862A4B1DA425CA008B2CA5 /* AppDelegate.swift */; };
		60862A511DA425CA008B2CA5 /* Main.storyboard in Resources */ = {isa = PBXBuildFile; fileRef = 60862A4F1DA425CA008B2CA5 /* Main.storyboard */; };
		60862A531DA425CA008B2CA5 /* Assets.xcassets in Resources */ = {isa = PBXBuildFile; fileRef = 60862A521DA425CA008B2CA5 /* Assets.xcassets */; };
		60862A561DA425CA008B2CA5 /* LaunchScreen.storyboard in Resources */ = {isa = PBXBuildFile; fileRef = 60862A541DA425CA008B2CA5 /* LaunchScreen.storyboard */; };
		8DBEE89C1DA8CA4400413084 /* MDMainSoundStudioViewController.swift in Sources */ = {isa = PBXBuildFile; fileRef = 8DBEE89B1DA8CA4400413084 /* MDMainSoundStudioViewController.swift */; };
		8DBEE8A01DA8CCF100413084 /* MDMusicStudioCell.swift in Sources */ = {isa = PBXBuildFile; fileRef = 8DBEE89F1DA8CCF100413084 /* MDMusicStudioCell.swift */; };
		8DBEE8A21DA8DA0400413084 /* UIColor+Hex.swift in Sources */ = {isa = PBXBuildFile; fileRef = 8DBEE8A11DA8DA0400413084 /* UIColor+Hex.swift */; };
		8DBEE8A71DA8EE3500413084 /* MDMainSoundStudio+FlowLayoutDelegate.swift in Sources */ = {isa = PBXBuildFile; fileRef = 8DBEE8A61DA8EE3500413084 /* MDMainSoundStudio+FlowLayoutDelegate.swift */; };
/* End PBXBuildFile section */

/* Begin PBXFileReference section */
		60862A481DA425CA008B2CA5 /* MrDudets.app */ = {isa = PBXFileReference; explicitFileType = wrapper.application; includeInIndex = 0; path = MrDudets.app; sourceTree = BUILT_PRODUCTS_DIR; };
		60862A4B1DA425CA008B2CA5 /* AppDelegate.swift */ = {isa = PBXFileReference; lastKnownFileType = sourcecode.swift; path = AppDelegate.swift; sourceTree = "<group>"; };
		60862A501DA425CA008B2CA5 /* Base */ = {isa = PBXFileReference; lastKnownFileType = file.storyboard; name = Base; path = Base.lproj/Main.storyboard; sourceTree = "<group>"; };
		60862A521DA425CA008B2CA5 /* Assets.xcassets */ = {isa = PBXFileReference; lastKnownFileType = folder.assetcatalog; path = Assets.xcassets; sourceTree = "<group>"; };
		60862A551DA425CA008B2CA5 /* Base */ = {isa = PBXFileReference; lastKnownFileType = file.storyboard; name = Base; path = Base.lproj/LaunchScreen.storyboard; sourceTree = "<group>"; };
		60862A571DA425CA008B2CA5 /* Info.plist */ = {isa = PBXFileReference; lastKnownFileType = text.plist.xml; path = Info.plist; sourceTree = "<group>"; };
		8DBEE89B1DA8CA4400413084 /* MDMainSoundStudioViewController.swift */ = {isa = PBXFileReference; fileEncoding = 4; lastKnownFileType = sourcecode.swift; path = MDMainSoundStudioViewController.swift; sourceTree = "<group>"; };
		8DBEE89F1DA8CCF100413084 /* MDMusicStudioCell.swift */ = {isa = PBXFileReference; fileEncoding = 4; lastKnownFileType = sourcecode.swift; path = MDMusicStudioCell.swift; sourceTree = "<group>"; };
		8DBEE8A11DA8DA0400413084 /* UIColor+Hex.swift */ = {isa = PBXFileReference; fileEncoding = 4; lastKnownFileType = sourcecode.swift; path = "UIColor+Hex.swift"; sourceTree = "<group>"; };
		8DBEE8A61DA8EE3500413084 /* MDMainSoundStudio+FlowLayoutDelegate.swift */ = {isa = PBXFileReference; fileEncoding = 4; lastKnownFileType = sourcecode.swift; path = "MDMainSoundStudio+FlowLayoutDelegate.swift"; sourceTree = "<group>"; };
/* End PBXFileReference section */

/* Begin PBXFrameworksBuildPhase section */
		60862A451DA425CA008B2CA5 /* Frameworks */ = {
			isa = PBXFrameworksBuildPhase;
			buildActionMask = 2147483647;
			files = (
			);
			runOnlyForDeploymentPostprocessing = 0;
		};
/* End PBXFrameworksBuildPhase section */

/* Begin PBXGroup section */
		60862A3F1DA425CA008B2CA5 = {
			isa = PBXGroup;
			children = (
				60862A4A1DA425CA008B2CA5 /* MrDudets */,
				60862A491DA425CA008B2CA5 /* Products */,
			);
			sourceTree = "<group>";
		};
		60862A491DA425CA008B2CA5 /* Products */ = {
			isa = PBXGroup;
			children = (
				60862A481DA425CA008B2CA5 /* MrDudets.app */,
			);
			name = Products;
			sourceTree = "<group>";
		};
		60862A4A1DA425CA008B2CA5 /* MrDudets */ = {
			isa = PBXGroup;
			children = (
				8DBEE8A51DA8DFB300413084 /* Support Files */,
				8DBEE89E1DA8CCB400413084 /* MDCollectionView */,
				8DBEE89D1DA8CC7200413084 /* Main Sound Studio Screen */,
				60862A4F1DA425CA008B2CA5 /* Main.storyboard */,
			);
			path = MrDudets;
			sourceTree = "<group>";
		};
		8DBEE89D1DA8CC7200413084 /* Main Sound Studio Screen */ = {
			isa = PBXGroup;
			children = (
				8DBEE89B1DA8CA4400413084 /* MDMainSoundStudioViewController.swift */,
			);
			name = "Main Sound Studio Screen";
			sourceTree = "<group>";
		};
		8DBEE89E1DA8CCB400413084 /* MDCollectionView */ = {
			isa = PBXGroup;
			children = (
				8DBEE89F1DA8CCF100413084 /* MDMusicStudioCell.swift */,
				8DBEE8A11DA8DA0400413084 /* UIColor+Hex.swift */,
				8DBEE8A61DA8EE3500413084 /* MDMainSoundStudio+FlowLayoutDelegate.swift */,
			);
			name = MDCollectionView;
			sourceTree = "<group>";
		};
		8DBEE8A51DA8DFB300413084 /* Support Files */ = {
			isa = PBXGroup;
			children = (
				60862A521DA425CA008B2CA5 /* Assets.xcassets */,
				60862A541DA425CA008B2CA5 /* LaunchScreen.storyboard */,
				60862A571DA425CA008B2CA5 /* Info.plist */,
				60862A4B1DA425CA008B2CA5 /* AppDelegate.swift */,
			);
			name = "Support Files";
			sourceTree = "<group>";
		};
/* End PBXGroup section */

/* Begin PBXNativeTarget section */
		60862A471DA425CA008B2CA5 /* MrDudets */ = {
			isa = PBXNativeTarget;
			buildConfigurationList = 60862A5A1DA425CA008B2CA5 /* Build configuration list for PBXNativeTarget "MrDudets" */;
			buildPhases = (
				60862A441DA425CA008B2CA5 /* Sources */,
				60862A451DA425CA008B2CA5 /* Frameworks */,
				60862A461DA425CA008B2CA5 /* Resources */,
			);
			buildRules = (
			);
			dependencies = (
			);
			name = MrDudets;
			productName = MrDudets;
			productReference = 60862A481DA425CA008B2CA5 /* MrDudets.app */;
			productType = "com.apple.product-type.application";
		};
/* End PBXNativeTarget section */

/* Begin PBXProject section */
		60862A401DA425CA008B2CA5 /* Project object */ = {
			isa = PBXProject;
			attributes = {
				LastSwiftUpdateCheck = 0730;
				LastUpgradeCheck = 0730;
				ORGANIZATIONNAME = "Anton Karpov";
				TargetAttributes = {
					60862A471DA425CA008B2CA5 = {
						CreatedOnToolsVersion = 7.3.1;
					};
				};
			};
			buildConfigurationList = 60862A431DA425CA008B2CA5 /* Build configuration list for PBXProject "MrDudets" */;
			compatibilityVersion = "Xcode 3.2";
			developmentRegion = English;
			hasScannedForEncodings = 0;
			knownRegions = (
				en,
				Base,
			);
			mainGroup = 60862A3F1DA425CA008B2CA5;
			productRefGroup = 60862A491DA425CA008B2CA5 /* Products */;
			projectDirPath = "";
			projectRoot = "";
			targets = (
				60862A471DA425CA008B2CA5 /* MrDudets */,
			);
		};
/* End PBXProject section */

/* Begin PBXResourcesBuildPhase section */
		60862A461DA425CA008B2CA5 /* Resources */ = {
			isa = PBXResourcesBuildPhase;
			buildActionMask = 2147483647;
			files = (
				60862A561DA425CA008B2CA5 /* LaunchScreen.storyboard in Resources */,
				60862A531DA425CA008B2CA5 /* Assets.xcassets in Resources */,
				60862A511DA425CA008B2CA5 /* Main.storyboard in Resources */,
			);
			runOnlyForDeploymentPostprocessing = 0;
		};
/* End PBXResourcesBuildPhase section */

/* Begin PBXSourcesBuildPhase section */
		60862A441DA425CA008B2CA5 /* Sources */ = {
			isa = PBXSourcesBuildPhase;
			buildActionMask = 2147483647;
			files = (
				8DBEE89C1DA8CA4400413084 /* MDMainSoundStudioViewController.swift in Sources */,
				8DBEE8A21DA8DA0400413084 /* UIColor+Hex.swift in Sources */,
				60862A4C1DA425CA008B2CA5 /* AppDelegate.swift in Sources */,
				8DBEE8A71DA8EE3500413084 /* MDMainSoundStudio+FlowLayoutDelegate.swift in Sources */,
				8DBEE8A01DA8CCF100413084 /* MDMusicStudioCell.swift in Sources */,
			);
			runOnlyForDeploymentPostprocessing = 0;
		};
/* End PBXSourcesBuildPhase section */

/* Begin PBXVariantGroup section */
		60862A4F1DA425CA008B2CA5 /* Main.storyboard */ = {
			isa = PBXVariantGroup;
			children = (
				60862A501DA425CA008B2CA5 /* Base */,
			);
			name = Main.storyboard;
			sourceTree = "<group>";
		};
		60862A541DA425CA008B2CA5 /* LaunchScreen.storyboard */ = {
			isa = PBXVariantGroup;
			children = (
				60862A551DA425CA008B2CA5 /* Base */,
			);
			name = LaunchScreen.storyboard;
			sourceTree = "<group>";
		};
/* End PBXVariantGroup section */

/* Begin XCBuildConfiguration section */
		60862A581DA425CA008B2CA5 /* Debug */ = {
			isa = XCBuildConfiguration;
			buildSettings = {
				ALWAYS_SEARCH_USER_PATHS = NO;
				CLANG_ANALYZER_NONNULL = YES;
				CLANG_CXX_LANGUAGE_STANDARD = "gnu++0x";
				CLANG_CXX_LIBRARY = "libc++";
				CLANG_ENABLE_MODULES = YES;
				CLANG_ENABLE_OBJC_ARC = YES;
				CLANG_WARN_BOOL_CONVERSION = YES;
				CLANG_WARN_CONSTANT_CONVERSION = YES;
				CLANG_WARN_DIRECT_OBJC_ISA_USAGE = YES_ERROR;
				CLANG_WARN_EMPTY_BODY = YES;
				CLANG_WARN_ENUM_CONVERSION = YES;
				CLANG_WARN_INT_CONVERSION = YES;
				CLANG_WARN_OBJC_ROOT_CLASS = YES_ERROR;
				CLANG_WARN_UNREACHABLE_CODE = YES;
				CLANG_WARN__DUPLICATE_METHOD_MATCH = YES;
				"CODE_SIGN_IDENTITY[sdk=iphoneos*]" = "iPhone Developer";
				COPY_PHASE_STRIP = NO;
				DEBUG_INFORMATION_FORMAT = dwarf;
				ENABLE_STRICT_OBJC_MSGSEND = YES;
				ENABLE_TESTABILITY = YES;
				GCC_C_LANGUAGE_STANDARD = gnu99;
				GCC_DYNAMIC_NO_PIC = NO;
				GCC_NO_COMMON_BLOCKS = YES;
				GCC_OPTIMIZATION_LEVEL = 0;
				GCC_PREPROCESSOR_DEFINITIONS = (
					"DEBUG=1",
					"$(inherited)",
				);
				GCC_WARN_64_TO_32_BIT_CONVERSION = YES;
				GCC_WARN_ABOUT_RETURN_TYPE = YES_ERROR;
				GCC_WARN_UNDECLARED_SELECTOR = YES;
				GCC_WARN_UNINITIALIZED_AUTOS = YES_AGGRESSIVE;
				GCC_WARN_UNUSED_FUNCTION = YES;
				GCC_WARN_UNUSED_VARIABLE = YES;
				IPHONEOS_DEPLOYMENT_TARGET = 9.3;
				MTL_ENABLE_DEBUG_INFO = YES;
				ONLY_ACTIVE_ARCH = YES;
				SDKROOT = iphoneos;
				SWIFT_OPTIMIZATION_LEVEL = "-Onone";
				TARGETED_DEVICE_FAMILY = 2;
			};
			name = Debug;
		};
		60862A591DA425CA008B2CA5 /* Release */ = {
			isa = XCBuildConfiguration;
			buildSettings = {
				ALWAYS_SEARCH_USER_PATHS = NO;
				CLANG_ANALYZER_NONNULL = YES;
				CLANG_CXX_LANGUAGE_STANDARD = "gnu++0x";
				CLANG_CXX_LIBRARY = "libc++";
				CLANG_ENABLE_MODULES = YES;
				CLANG_ENABLE_OBJC_ARC = YES;
				CLANG_WARN_BOOL_CONVERSION = YES;
				CLANG_WARN_CONSTANT_CONVERSION = YES;
				CLANG_WARN_DIRECT_OBJC_ISA_USAGE = YES_ERROR;
				CLANG_WARN_EMPTY_BODY = YES;
				CLANG_WARN_ENUM_CONVERSION = YES;
				CLANG_WARN_INT_CONVERSION = YES;
				CLANG_WARN_OBJC_ROOT_CLASS = YES_ERROR;
				CLANG_WARN_UNREACHABLE_CODE = YES;
				CLANG_WARN__DUPLICATE_METHOD_MATCH = YES;
				"CODE_SIGN_IDENTITY[sdk=iphoneos*]" = "iPhone Developer";
				COPY_PHASE_STRIP = NO;
				DEBUG_INFORMATION_FORMAT = "dwarf-with-dsym";
				ENABLE_NS_ASSERTIONS = NO;
				ENABLE_STRICT_OBJC_MSGSEND = YES;
				GCC_C_LANGUAGE_STANDARD = gnu99;
				GCC_NO_COMMON_BLOCKS = YES;
				GCC_WARN_64_TO_32_BIT_CONVERSION = YES;
				GCC_WARN_ABOUT_RETURN_TYPE = YES_ERROR;
				GCC_WARN_UNDECLARED_SELECTOR = YES;
				GCC_WARN_UNINITIALIZED_AUTOS = YES_AGGRESSIVE;
				GCC_WARN_UNUSED_FUNCTION = YES;
				GCC_WARN_UNUSED_VARIABLE = YES;
				IPHONEOS_DEPLOYMENT_TARGET = 9.3;
				MTL_ENABLE_DEBUG_INFO = NO;
				SDKROOT = iphoneos;
				TARGETED_DEVICE_FAMILY = 2;
				VALIDATE_PRODUCT = YES;
			};
			name = Release;
		};
		60862A5B1DA425CA008B2CA5 /* Debug */ = {
			isa = XCBuildConfiguration;
			buildSettings = {
				ASSETCATALOG_COMPILER_APPICON_NAME = AppIcon;
				INFOPLIST_FILE = MrDudets/Info.plist;
				IPHONEOS_DEPLOYMENT_TARGET = 8.1;
				LD_RUNPATH_SEARCH_PATHS = "$(inherited) @executable_path/Frameworks";
				PRODUCT_BUNDLE_IDENTIFIER = chachacha.MrDudets;
				PRODUCT_NAME = "$(TARGET_NAME)";
			};
			name = Debug;
		};
		60862A5C1DA425CA008B2CA5 /* Release */ = {
			isa = XCBuildConfiguration;
			buildSettings = {
				ASSETCATALOG_COMPILER_APPICON_NAME = AppIcon;
				INFOPLIST_FILE = MrDudets/Info.plist;
				IPHONEOS_DEPLOYMENT_TARGET = 8.1;
				LD_RUNPATH_SEARCH_PATHS = "$(inherited) @executable_path/Frameworks";
				PRODUCT_BUNDLE_IDENTIFIER = chachacha.MrDudets;
				PRODUCT_NAME = "$(TARGET_NAME)";
			};
			name = Release;
		};
/* End XCBuildConfiguration section */

/* Begin XCConfigurationList section */
		60862A431DA425CA008B2CA5 /* Build configuration list for PBXProject "MrDudets" */ = {
			isa = XCConfigurationList;
			buildConfigurations = (
				60862A581DA425CA008B2CA5 /* Debug */,
				60862A591DA425CA008B2CA5 /* Release */,
			);
			defaultConfigurationIsVisible = 0;
			defaultConfigurationName = Release;
		};
		60862A5A1DA425CA008B2CA5 /* Build configuration list for PBXNativeTarget "MrDudets" */ = {
			isa = XCConfigurationList;
			buildConfigurations = (
				60862A5B1DA425CA008B2CA5 /* Debug */,
				60862A5C1DA425CA008B2CA5 /* Release */,
			);
			defaultConfigurationIsVisible = 0;
			defaultConfigurationName = Release;
		};
/* End XCConfigurationList section */
	};
	rootObject = 60862A401DA425CA008B2CA5 /* Project object */;
}
